
Microsoft Visual Studio Solution File, Format Version 12.00
# Visual Studio Version 17
VisualStudioVersion = 17.14.36301.6 d17.14
MinimumVisualStudioVersion = 10.0.40219.1
Project("{FAE04EC0-301F-11D3-BF4B-00C04F79EFBC}") = "WIRS.Mvc", "WIRS.Mvc.csproj", "{9CE0E544-37BA-4A1A-A11E-0A00146B51A5}"
EndProject
Project("{FAE04EC0-301F-11D3-BF4B-00C04F79EFBC}") = "WIRS.DataAccess", "..\WIRS.DataAccess\WIRS.DataAccess.csproj", "{45A5A6AE-E6F8-A727-DD03-9175CC150129}"
EndProject
Project("{FAE04EC0-301F-11D3-BF4B-00C04F79EFBC}") = "WIRS.Services", "..\WIRS.Services\WIRS.Services.csproj", "{080E67EE-D9C6-0F76-42BB-B55395E75E33}"
EndProject
Project("{FAE04EC0-301F-11D3-BF4B-00C04F79EFBC}") = "WIRS.Shared", "..\WIRS.Shared\WIRS.Shared.csproj", "{C1A81368-BC03-8550-4110-480918E2E173}"
EndProject
Global
	GlobalSection(SolutionConfigurationPlatforms) = preSolution
		Debug|Any CPU = Debug|Any CPU
		Release|Any CPU = Release|Any CPU
	EndGlobalSection
	GlobalSection(ProjectConfigurationPlatforms) = postSolution
		{9CE0E544-37BA-4A1A-A11E-0A00146B51A5}.Debug|Any CPU.ActiveCfg = Debug|Any CPU
		{9CE0E544-37BA-4A1A-A11E-0A00146B51A5}.Debug|Any CPU.Build.0 = Debug|Any CPU
		{9CE0E544-37BA-4A1A-A11E-0A00146B51A5}.Release|Any CPU.ActiveCfg = Release|Any CPU
		{9CE0E544-37BA-4A1A-A11E-0A00146B51A5}.Release|Any CPU.Build.0 = Release|Any CPU
		{45A5A6AE-E6F8-A727-DD03-9175CC150129}.Debug|Any CPU.ActiveCfg = Debug|Any CPU
		{45A5A6AE-E6F8-A727-DD03-9175CC150129}.Debug|Any CPU.Build.0 = Debug|Any CPU
		{45A5A6AE-E6F8-A727-DD03-9175CC150129}.Release|Any CPU.ActiveCfg = Release|Any CPU
		{45A5A6AE-E6F8-A727-DD03-9175CC150129}.Release|Any CPU.Build.0 = Release|Any CPU
		{080E67EE-D9C6-0F76-42BB-B55395E75E33}.Debug|Any CPU.ActiveCfg = Debug|Any CPU
		{080E67EE-D9C6-0F76-42BB-B55395E75E33}.Debug|Any CPU.Build.0 = Debug|Any CPU
		{080E67EE-D9C6-0F76-42BB-B55395E75E33}.Release|Any CPU.ActiveCfg = Release|Any CPU
		{080E67EE-D9C6-0F76-42BB-B55395E75E33}.Release|Any CPU.Build.0 = Release|Any CPU
		{C1A81368-BC03-8550-4110-480918E2E173}.Debug|Any CPU.ActiveCfg = Debug|Any CPU
		{C1A81368-BC03-8550-4110-480918E2E173}.Debug|Any CPU.Build.0 = Debug|Any CPU
		{C1A81368-BC03-8550-4110-480918E2E173}.Release|Any CPU.ActiveCfg = Release|Any CPU
		{C1A81368-BC03-8550-4110-480918E2E173}.Release|Any CPU.Build.0 = Release|Any CPU
	EndGlobalSection
	GlobalSection(SolutionProperties) = preSolution
		HideSolutionNode = FALSE
	EndGlobalSection
	GlobalSection(ExtensibilityGlobals) = postSolution
		SolutionGuid = {8990D467-A684-44E4-89FC-07ED2C74EDB6}
	EndGlobalSection
EndGlobal
